
Microsoft Visual Studio Solution File, Format Version 12.00
# Visual Studio Version 17
VisualStudioVersion = 17.7.34018.315
MinimumVisualStudioVersion = 10.0.40219.1
Project("{FAE04EC0-301F-11D3-BF4B-00C04F79EFBC}") = "HomeOwnersApp", "HomeOwnersApp.csproj", "{1344CB2E-9EB3-45AD-AEEE-59169663C5AD}"
EndProject
Global
	GlobalSection(SolutionConfigurationPlatforms) = preSolution
		Debug|Any CPU = Debug|Any CPU
		Release|Any CPU = Release|Any CPU
	EndGlobalSection
	GlobalSection(ProjectConfigurationPlatforms) = postSolution
		{1344CB2E-9EB3-45AD-AEEE-59169663C5AD}.Debug|Any CPU.ActiveCfg = Debug|Any CPU
		{1344CB2E-9EB3-45AD-AEEE-59169663C5AD}.Debug|Any CPU.Build.0 = Debug|Any CPU
		{1344CB2E-9EB3-45AD-AEEE-59169663C5AD}.Release|Any CPU.ActiveCfg = Release|Any CPU
		{1344CB2E-9EB3-45AD-AEEE-59169663C5AD}.Release|Any CPU.Build.0 = Release|Any CPU
	EndGlobalSection
	GlobalSection(SolutionProperties) = preSolution
		HideSolutionNode = FALSE
	EndGlobalSection
	GlobalSection(ExtensibilityGlobals) = postSolution
		SolutionGuid = {974B7F31-0F15-4B01-AFD8-6BC6CF207E31}
	EndGlobalSection
EndGlobal
